
Microsoft Visual Studio Solution File, Format Version 12.00
# Visual Studio Version 17
VisualStudioVersion = 17.8.34330.188
MinimumVisualStudioVersion = 10.0.40219.1
Project("{FAE04EC0-301F-11D3-BF4B-00C04F79EFBC}") = "C#_units", "C#_units\C#_units.csproj", "{F4C32F32-4DAE-457E-8D24-7307A397709D}"
EndProject
Project("{FAE04EC0-301F-11D3-BF4B-00C04F79EFBC}") = "Unit4", "Unit4\Unit4.csproj", "{CE013B97-6453-43BF-9FFF-C55EC6A24D7F}"
EndProject
Project("{FAE04EC0-301F-11D3-BF4B-00C04F79EFBC}") = "HW3_1", "HW3_1\HW3_1.csproj", "{49817C9E-51C7-4FF7-A6DF-C9B7B49839BA}"
EndProject
Global
	GlobalSection(SolutionConfigurationPlatforms) = preSolution
		Debug|Any CPU = Debug|Any CPU
		Release|Any CPU = Release|Any CPU
	EndGlobalSection
	GlobalSection(ProjectConfigurationPlatforms) = postSolution
		{F4C32F32-4DAE-457E-8D24-7307A397709D}.Debug|Any CPU.ActiveCfg = Debug|Any CPU
		{F4C32F32-4DAE-457E-8D24-7307A397709D}.Debug|Any CPU.Build.0 = Debug|Any CPU
		{F4C32F32-4DAE-457E-8D24-7307A397709D}.Release|Any CPU.ActiveCfg = Release|Any CPU
		{F4C32F32-4DAE-457E-8D24-7307A397709D}.Release|Any CPU.Build.0 = Release|Any CPU
		{CE013B97-6453-43BF-9FFF-C55EC6A24D7F}.Debug|Any CPU.ActiveCfg = Debug|Any CPU
		{CE013B97-6453-43BF-9FFF-C55EC6A24D7F}.Debug|Any CPU.Build.0 = Debug|Any CPU
		{CE013B97-6453-43BF-9FFF-C55EC6A24D7F}.Release|Any CPU.ActiveCfg = Release|Any CPU
		{CE013B97-6453-43BF-9FFF-C55EC6A24D7F}.Release|Any CPU.Build.0 = Release|Any CPU
		{49817C9E-51C7-4FF7-A6DF-C9B7B49839BA}.Debug|Any CPU.ActiveCfg = Debug|Any CPU
		{49817C9E-51C7-4FF7-A6DF-C9B7B49839BA}.Debug|Any CPU.Build.0 = Debug|Any CPU
		{49817C9E-51C7-4FF7-A6DF-C9B7B49839BA}.Release|Any CPU.ActiveCfg = Release|Any CPU
		{49817C9E-51C7-4FF7-A6DF-C9B7B49839BA}.Release|Any CPU.Build.0 = Release|Any CPU
	EndGlobalSection
	GlobalSection(SolutionProperties) = preSolution
		HideSolutionNode = FALSE
	EndGlobalSection
	GlobalSection(ExtensibilityGlobals) = postSolution
		SolutionGuid = {608BC7CA-EC3B-41A1-8827-66A594FD65B0}
	EndGlobalSection
EndGlobal
